
Microsoft Visual Studio Solution File, Format Version 12.00
# Visual Studio Version 16
VisualStudioVersion = 16.0.32802.440
MinimumVisualStudioVersion = 10.0.40219.1
Project("{9A19103F-16F7-4668-BE54-9A1E7A4F7556}") = "Mercearia_Produtos_API", "Mercearia_Produtos_API\Mercearia_Produtos_API.csproj", "{DCA58034-8C2D-48B1-B149-8DA3A0CCE0F4}"
EndProject
Global
	GlobalSection(SolutionConfigurationPlatforms) = preSolution
		Debug|Any CPU = Debug|Any CPU
		Release|Any CPU = Release|Any CPU
	EndGlobalSection
	GlobalSection(ProjectConfigurationPlatforms) = postSolution
		{DCA58034-8C2D-48B1-B149-8DA3A0CCE0F4}.Debug|Any CPU.ActiveCfg = Debug|Any CPU
		{DCA58034-8C2D-48B1-B149-8DA3A0CCE0F4}.Debug|Any CPU.Build.0 = Debug|Any CPU
		{DCA58034-8C2D-48B1-B149-8DA3A0CCE0F4}.Release|Any CPU.ActiveCfg = Release|Any CPU
		{DCA58034-8C2D-48B1-B149-8DA3A0CCE0F4}.Release|Any CPU.Build.0 = Release|Any CPU
	EndGlobalSection
	GlobalSection(SolutionProperties) = preSolution
		HideSolutionNode = FALSE
	EndGlobalSection
	GlobalSection(ExtensibilityGlobals) = postSolution
		SolutionGuid = {31C125D2-9161-4960-9D7D-46F5B2D9537B}
	EndGlobalSection
EndGlobal
